
Microsoft Visual Studio Solution File, Format Version 12.00
# Visual Studio Version 16
VisualStudioVersion = 16.0.30611.23
MinimumVisualStudioVersion = 10.0.40219.1
Project("{9A19103F-16F7-4668-BE54-9A1E7A4F7556}") = "PlanPoker", "PlanPoker\PlanPoker.csproj", "{04160CAA-5FF0-44B5-9E96-9C7138FCD5D5}"
EndProject
Project("{9A19103F-16F7-4668-BE54-9A1E7A4F7556}") = "Tests", "Tests\Tests.csproj", "{ED19701F-5780-4F4D-86B1-8FD34125BC71}"
EndProject
Project("{FAE04EC0-301F-11D3-BF4B-00C04F79EFBC}") = "PlanPoker.Domain", "PlanPoker.Domain\PlanPoker.Domain.csproj", "{93B69FDA-FDC4-4049-8309-C97534A61B8D}"
EndProject
Project("{FAE04EC0-301F-11D3-BF4B-00C04F79EFBC}") = "PlanPoker.Infrastructure", "PlanPoker.Infrastructure\PlanPoker.Infrastructure.csproj", "{4E990FCE-253D-4DDC-BAE3-8B701424592C}"
EndProject
Global
	GlobalSection(SolutionConfigurationPlatforms) = preSolution
		Debug|Any CPU = Debug|Any CPU
		Release|Any CPU = Release|Any CPU
	EndGlobalSection
	GlobalSection(ProjectConfigurationPlatforms) = postSolution
		{04160CAA-5FF0-44B5-9E96-9C7138FCD5D5}.Debug|Any CPU.ActiveCfg = Debug|Any CPU
		{04160CAA-5FF0-44B5-9E96-9C7138FCD5D5}.Debug|Any CPU.Build.0 = Debug|Any CPU
		{04160CAA-5FF0-44B5-9E96-9C7138FCD5D5}.Release|Any CPU.ActiveCfg = Release|Any CPU
		{04160CAA-5FF0-44B5-9E96-9C7138FCD5D5}.Release|Any CPU.Build.0 = Release|Any CPU
		{ED19701F-5780-4F4D-86B1-8FD34125BC71}.Debug|Any CPU.ActiveCfg = Debug|Any CPU
		{ED19701F-5780-4F4D-86B1-8FD34125BC71}.Debug|Any CPU.Build.0 = Debug|Any CPU
		{ED19701F-5780-4F4D-86B1-8FD34125BC71}.Release|Any CPU.ActiveCfg = Release|Any CPU
		{ED19701F-5780-4F4D-86B1-8FD34125BC71}.Release|Any CPU.Build.0 = Release|Any CPU
		{93B69FDA-FDC4-4049-8309-C97534A61B8D}.Debug|Any CPU.ActiveCfg = Debug|Any CPU
		{93B69FDA-FDC4-4049-8309-C97534A61B8D}.Debug|Any CPU.Build.0 = Debug|Any CPU
		{93B69FDA-FDC4-4049-8309-C97534A61B8D}.Release|Any CPU.ActiveCfg = Release|Any CPU
		{93B69FDA-FDC4-4049-8309-C97534A61B8D}.Release|Any CPU.Build.0 = Release|Any CPU
		{4E990FCE-253D-4DDC-BAE3-8B701424592C}.Debug|Any CPU.ActiveCfg = Debug|Any CPU
		{4E990FCE-253D-4DDC-BAE3-8B701424592C}.Debug|Any CPU.Build.0 = Debug|Any CPU
		{4E990FCE-253D-4DDC-BAE3-8B701424592C}.Release|Any CPU.ActiveCfg = Release|Any CPU
		{4E990FCE-253D-4DDC-BAE3-8B701424592C}.Release|Any CPU.Build.0 = Release|Any CPU
	EndGlobalSection
	GlobalSection(SolutionProperties) = preSolution
		HideSolutionNode = FALSE
	EndGlobalSection
	GlobalSection(ExtensibilityGlobals) = postSolution
		SolutionGuid = {0EB68D90-C1C3-406E-AF33-47209C7128F8}
	EndGlobalSection
EndGlobal
