
Microsoft Visual Studio Solution File, Format Version 12.00
# Visual Studio Version 16
VisualStudioVersion = 16.0.30611.23
MinimumVisualStudioVersion = 10.0.40219.1
Project("{FAE04EC0-301F-11D3-BF4B-00C04F79EFBC}") = "LocalizedApp", "LocalizedApp\LocalizedApp.csproj", "{06FCDF01-16F2-4436-935C-FEE2E1CD893A}"
EndProject
Global
	GlobalSection(SolutionConfigurationPlatforms) = preSolution
		Debug|Any CPU = Debug|Any CPU
		Release|Any CPU = Release|Any CPU
	EndGlobalSection
	GlobalSection(ProjectConfigurationPlatforms) = postSolution
		{06FCDF01-16F2-4436-935C-FEE2E1CD893A}.Debug|Any CPU.ActiveCfg = Debug|Any CPU
		{06FCDF01-16F2-4436-935C-FEE2E1CD893A}.Debug|Any CPU.Build.0 = Debug|Any CPU
		{06FCDF01-16F2-4436-935C-FEE2E1CD893A}.Release|Any CPU.ActiveCfg = Release|Any CPU
		{06FCDF01-16F2-4436-935C-FEE2E1CD893A}.Release|Any CPU.Build.0 = Release|Any CPU
	EndGlobalSection
	GlobalSection(SolutionProperties) = preSolution
		HideSolutionNode = FALSE
	EndGlobalSection
	GlobalSection(ExtensibilityGlobals) = postSolution
		SolutionGuid = {ADAEE5B6-DCBE-4E01-8F71-F0D38ECC6CEA}
	EndGlobalSection
EndGlobal
