
Microsoft Visual Studio Solution File, Format Version 12.00
# Visual Studio Version 16
VisualStudioVersion = 16.0.30611.23
MinimumVisualStudioVersion = 10.0.40219.1
Project("{9A19103F-16F7-4668-BE54-9A1E7A4F7556}") = "Task_2", "Task_2\Task_2.csproj", "{171A5904-5E26-45FD-B73F-CF96AFE04A61}"
EndProject
Project("{FAE04EC0-301F-11D3-BF4B-00C04F79EFBC}") = "Task_6", "Task_6\Task_6.csproj", "{CB90A549-7ECC-404E-9AAE-60FB1945B813}"
EndProject
Global
	GlobalSection(SolutionConfigurationPlatforms) = preSolution
		Debug|Any CPU = Debug|Any CPU
		Release|Any CPU = Release|Any CPU
	EndGlobalSection
	GlobalSection(ProjectConfigurationPlatforms) = postSolution
		{171A5904-5E26-45FD-B73F-CF96AFE04A61}.Debug|Any CPU.ActiveCfg = Debug|Any CPU
		{171A5904-5E26-45FD-B73F-CF96AFE04A61}.Debug|Any CPU.Build.0 = Debug|Any CPU
		{171A5904-5E26-45FD-B73F-CF96AFE04A61}.Release|Any CPU.ActiveCfg = Release|Any CPU
		{171A5904-5E26-45FD-B73F-CF96AFE04A61}.Release|Any CPU.Build.0 = Release|Any CPU
		{CB90A549-7ECC-404E-9AAE-60FB1945B813}.Debug|Any CPU.ActiveCfg = Debug|Any CPU
		{CB90A549-7ECC-404E-9AAE-60FB1945B813}.Debug|Any CPU.Build.0 = Debug|Any CPU
		{CB90A549-7ECC-404E-9AAE-60FB1945B813}.Release|Any CPU.ActiveCfg = Release|Any CPU
		{CB90A549-7ECC-404E-9AAE-60FB1945B813}.Release|Any CPU.Build.0 = Release|Any CPU
	EndGlobalSection
	GlobalSection(SolutionProperties) = preSolution
		HideSolutionNode = FALSE
	EndGlobalSection
	GlobalSection(ExtensibilityGlobals) = postSolution
		SolutionGuid = {ADAEE5B6-DCBE-4E01-8F71-F0D38ECC6CEA}
	EndGlobalSection
EndGlobal
