
Microsoft Visual Studio Solution File, Format Version 12.00
# Visual Studio Version 16
VisualStudioVersion = 16.0.30611.23
MinimumVisualStudioVersion = 10.0.40219.1
Project("{9A19103F-16F7-4668-BE54-9A1E7A4F7556}") = "Task_2", "Task_2\Task_2.csproj", "{171A5904-5E26-45FD-B73F-CF96AFE04A61}"
EndProject
Project("{9A19103F-16F7-4668-BE54-9A1E7A4F7556}") = "LocalizedApp", "LocalizedApp\LocalizedApp.csproj", "{06FCDF01-16F2-4436-935C-FEE2E1CD893A}"
EndProject
Project("{9A19103F-16F7-4668-BE54-9A1E7A4F7556}") = "Task_3", "Task_3\Task_3.csproj", "{50C5DFF8-DBBE-43C0-9824-001E597C29B9}"
EndProject
Project("{9A19103F-16F7-4668-BE54-9A1E7A4F7556}") = "Task_4", "Task_4\Task_4.csproj", "{0E69FADC-DBE9-4DDC-992F-6ABA894AFCA4}"
EndProject
Project("{9A19103F-16F7-4668-BE54-9A1E7A4F7556}") = "Task_6", "Task_6\Task_6.csproj", "{CB90A549-7ECC-404E-9AAE-60FB1945B813}"
EndProject
Project("{9A19103F-16F7-4668-BE54-9A1E7A4F7556}") = "Task_7", "Task_7\Task_7.csproj", "{36A906E8-E8FE-418D-8362-7C57ED0C5969}"
EndProject
Project("{9A19103F-16F7-4668-BE54-9A1E7A4F7556}") = "Task_8", "Task_8\Task_8.csproj", "{D8983FC7-D72E-41FC-93C4-EEC7439F1FBC}"
EndProject
Project("{9A19103F-16F7-4668-BE54-9A1E7A4F7556}") = "Task_9", "Task_9\Task_9.csproj", "{70CAE255-7E61-46BB-86A6-C1A4EE8F7FA1}"
EndProject
Project("{9A19103F-16F7-4668-BE54-9A1E7A4F7556}") = "Task_10", "Task_10\Task_10.csproj", "{6DDEF973-2841-4B70-B6AF-177F132D25DA}"
EndProject
Project("{9A19103F-16F7-4668-BE54-9A1E7A4F7556}") = "Task_12", "Task_12\Task_12.csproj", "{A4C35D48-A693-4763-93CC-E9C5E0AD5B85}"
EndProject
Project("{9A19103F-16F7-4668-BE54-9A1E7A4F7556}") = "Task_4.Tests", "Task_4.Tests\Task_4.Tests.csproj", "{445932AC-776B-4A7B-BAA4-5C2419A94781}"
EndProject
Project("{FAE04EC0-301F-11D3-BF4B-00C04F79EFBC}") = "Task_8.Tests", "Task_8.Tests\Task_8.Tests.csproj", "{688DA390-8636-4051-B610-AD6B0D5209C7}"
EndProject
Project("{FAE04EC0-301F-11D3-BF4B-00C04F79EFBC}") = "Task_12.Tests", "Task_12.Tests\Task_12.Tests.csproj", "{2D610B42-BF2F-4B8D-BE43-5F154B82AF8B}"
EndProject
Global
	GlobalSection(SolutionConfigurationPlatforms) = preSolution
		Debug|Any CPU = Debug|Any CPU
		Release|Any CPU = Release|Any CPU
	EndGlobalSection
	GlobalSection(ProjectConfigurationPlatforms) = postSolution
		{171A5904-5E26-45FD-B73F-CF96AFE04A61}.Debug|Any CPU.ActiveCfg = Debug|Any CPU
		{171A5904-5E26-45FD-B73F-CF96AFE04A61}.Debug|Any CPU.Build.0 = Debug|Any CPU
		{171A5904-5E26-45FD-B73F-CF96AFE04A61}.Release|Any CPU.ActiveCfg = Release|Any CPU
		{171A5904-5E26-45FD-B73F-CF96AFE04A61}.Release|Any CPU.Build.0 = Release|Any CPU
		{06FCDF01-16F2-4436-935C-FEE2E1CD893A}.Debug|Any CPU.ActiveCfg = Debug|Any CPU
		{06FCDF01-16F2-4436-935C-FEE2E1CD893A}.Debug|Any CPU.Build.0 = Debug|Any CPU
		{06FCDF01-16F2-4436-935C-FEE2E1CD893A}.Release|Any CPU.ActiveCfg = Release|Any CPU
		{06FCDF01-16F2-4436-935C-FEE2E1CD893A}.Release|Any CPU.Build.0 = Release|Any CPU
		{50C5DFF8-DBBE-43C0-9824-001E597C29B9}.Debug|Any CPU.ActiveCfg = Debug|Any CPU
		{50C5DFF8-DBBE-43C0-9824-001E597C29B9}.Debug|Any CPU.Build.0 = Debug|Any CPU
		{50C5DFF8-DBBE-43C0-9824-001E597C29B9}.Release|Any CPU.ActiveCfg = Release|Any CPU
		{50C5DFF8-DBBE-43C0-9824-001E597C29B9}.Release|Any CPU.Build.0 = Release|Any CPU
		{0E69FADC-DBE9-4DDC-992F-6ABA894AFCA4}.Debug|Any CPU.ActiveCfg = Debug|Any CPU
		{0E69FADC-DBE9-4DDC-992F-6ABA894AFCA4}.Debug|Any CPU.Build.0 = Debug|Any CPU
		{0E69FADC-DBE9-4DDC-992F-6ABA894AFCA4}.Release|Any CPU.ActiveCfg = Release|Any CPU
		{0E69FADC-DBE9-4DDC-992F-6ABA894AFCA4}.Release|Any CPU.Build.0 = Release|Any CPU
		{CB90A549-7ECC-404E-9AAE-60FB1945B813}.Debug|Any CPU.ActiveCfg = Debug|Any CPU
		{CB90A549-7ECC-404E-9AAE-60FB1945B813}.Debug|Any CPU.Build.0 = Debug|Any CPU
		{CB90A549-7ECC-404E-9AAE-60FB1945B813}.Release|Any CPU.ActiveCfg = Release|Any CPU
		{CB90A549-7ECC-404E-9AAE-60FB1945B813}.Release|Any CPU.Build.0 = Release|Any CPU
		{36A906E8-E8FE-418D-8362-7C57ED0C5969}.Debug|Any CPU.ActiveCfg = Debug|Any CPU
		{36A906E8-E8FE-418D-8362-7C57ED0C5969}.Debug|Any CPU.Build.0 = Debug|Any CPU
		{36A906E8-E8FE-418D-8362-7C57ED0C5969}.Release|Any CPU.ActiveCfg = Release|Any CPU
		{36A906E8-E8FE-418D-8362-7C57ED0C5969}.Release|Any CPU.Build.0 = Release|Any CPU
		{D8983FC7-D72E-41FC-93C4-EEC7439F1FBC}.Debug|Any CPU.ActiveCfg = Debug|Any CPU
		{D8983FC7-D72E-41FC-93C4-EEC7439F1FBC}.Debug|Any CPU.Build.0 = Debug|Any CPU
		{D8983FC7-D72E-41FC-93C4-EEC7439F1FBC}.Release|Any CPU.ActiveCfg = Release|Any CPU
		{D8983FC7-D72E-41FC-93C4-EEC7439F1FBC}.Release|Any CPU.Build.0 = Release|Any CPU
		{70CAE255-7E61-46BB-86A6-C1A4EE8F7FA1}.Debug|Any CPU.ActiveCfg = Debug|Any CPU
		{70CAE255-7E61-46BB-86A6-C1A4EE8F7FA1}.Debug|Any CPU.Build.0 = Debug|Any CPU
		{70CAE255-7E61-46BB-86A6-C1A4EE8F7FA1}.Release|Any CPU.ActiveCfg = Release|Any CPU
		{70CAE255-7E61-46BB-86A6-C1A4EE8F7FA1}.Release|Any CPU.Build.0 = Release|Any CPU
		{6DDEF973-2841-4B70-B6AF-177F132D25DA}.Debug|Any CPU.ActiveCfg = Debug|Any CPU
		{6DDEF973-2841-4B70-B6AF-177F132D25DA}.Debug|Any CPU.Build.0 = Debug|Any CPU
		{6DDEF973-2841-4B70-B6AF-177F132D25DA}.Release|Any CPU.ActiveCfg = Release|Any CPU
		{6DDEF973-2841-4B70-B6AF-177F132D25DA}.Release|Any CPU.Build.0 = Release|Any CPU
		{A4C35D48-A693-4763-93CC-E9C5E0AD5B85}.Debug|Any CPU.ActiveCfg = Debug|Any CPU
		{A4C35D48-A693-4763-93CC-E9C5E0AD5B85}.Debug|Any CPU.Build.0 = Debug|Any CPU
		{A4C35D48-A693-4763-93CC-E9C5E0AD5B85}.Release|Any CPU.ActiveCfg = Release|Any CPU
		{A4C35D48-A693-4763-93CC-E9C5E0AD5B85}.Release|Any CPU.Build.0 = Release|Any CPU
		{445932AC-776B-4A7B-BAA4-5C2419A94781}.Debug|Any CPU.ActiveCfg = Debug|Any CPU
		{445932AC-776B-4A7B-BAA4-5C2419A94781}.Debug|Any CPU.Build.0 = Debug|Any CPU
		{445932AC-776B-4A7B-BAA4-5C2419A94781}.Release|Any CPU.ActiveCfg = Release|Any CPU
		{445932AC-776B-4A7B-BAA4-5C2419A94781}.Release|Any CPU.Build.0 = Release|Any CPU
		{688DA390-8636-4051-B610-AD6B0D5209C7}.Debug|Any CPU.ActiveCfg = Debug|Any CPU
		{688DA390-8636-4051-B610-AD6B0D5209C7}.Debug|Any CPU.Build.0 = Debug|Any CPU
		{688DA390-8636-4051-B610-AD6B0D5209C7}.Release|Any CPU.ActiveCfg = Release|Any CPU
		{688DA390-8636-4051-B610-AD6B0D5209C7}.Release|Any CPU.Build.0 = Release|Any CPU
		{2D610B42-BF2F-4B8D-BE43-5F154B82AF8B}.Debug|Any CPU.ActiveCfg = Debug|Any CPU
		{2D610B42-BF2F-4B8D-BE43-5F154B82AF8B}.Debug|Any CPU.Build.0 = Debug|Any CPU
		{2D610B42-BF2F-4B8D-BE43-5F154B82AF8B}.Release|Any CPU.ActiveCfg = Release|Any CPU
		{2D610B42-BF2F-4B8D-BE43-5F154B82AF8B}.Release|Any CPU.Build.0 = Release|Any CPU
	EndGlobalSection
	GlobalSection(SolutionProperties) = preSolution
		HideSolutionNode = FALSE
	EndGlobalSection
	GlobalSection(ExtensibilityGlobals) = postSolution
		SolutionGuid = {ADAEE5B6-DCBE-4E01-8F71-F0D38ECC6CEA}
	EndGlobalSection
EndGlobal
